
Microsoft Visual Studio Solution File, Format Version 12.00
# Visual Studio Version 16
VisualStudioVersion = 16.0.34729.46
MinimumVisualStudioVersion = 10.0.40219.1
Project("{FAE04EC0-301F-11D3-BF4B-00C04F79EFBC}") = "Clave2_Grupo3", "Clave2_Grupo3.csproj", "{5D601863-B669-4B25-B084-C13ACF6CFC0C}"
EndProject
Global
	GlobalSection(SolutionConfigurationPlatforms) = preSolution
		Debug|Any CPU = Debug|Any CPU
		Release|Any CPU = Release|Any CPU
	EndGlobalSection
	GlobalSection(ProjectConfigurationPlatforms) = postSolution
		{5D601863-B669-4B25-B084-C13ACF6CFC0C}.Debug|Any CPU.ActiveCfg = Debug|Any CPU
		{5D601863-B669-4B25-B084-C13ACF6CFC0C}.Debug|Any CPU.Build.0 = Debug|Any CPU
		{5D601863-B669-4B25-B084-C13ACF6CFC0C}.Release|Any CPU.ActiveCfg = Release|Any CPU
		{5D601863-B669-4B25-B084-C13ACF6CFC0C}.Release|Any CPU.Build.0 = Release|Any CPU
	EndGlobalSection
	GlobalSection(SolutionProperties) = preSolution
		HideSolutionNode = FALSE
	EndGlobalSection
	GlobalSection(ExtensibilityGlobals) = postSolution
		SolutionGuid = {D39C0C60-76D2-4566-9D4B-2D846B79980D}
	EndGlobalSection
EndGlobal
